// !$*UTF8*$!
{
	archiveVersion = 1;
	classes = {
	};
	objectVersion = 46;
	objects = {

/* Begin PBXBuildFile section */
		371F1A531D62DE770061CA40 /* DBCircularMapRegion.h in Headers */ = {isa = PBXBuildFile; fileRef = 371F1A521D62DE770061CA40 /* DBCircularMapRegion.h */; settings = {ATTRIBUTES = (Public, ); }; };
		371F1A661D62DEA60061CA40 /* DBMapSelectorGestureRecognizer.h in Headers */ = {isa = PBXBuildFile; fileRef = 371F1A5A1D62DEA60061CA40 /* DBMapSelectorGestureRecognizer.h */; };
		371F1A671D62DEA60061CA40 /* DBMapSelectorGestureRecognizer.m in Sources */ = {isa = PBXBuildFile; fileRef = 371F1A5B1D62DEA60061CA40 /* DBMapSelectorGestureRecognizer.m */; };
		371F1A681D62DEA60061CA40 /* DBMapSelectorManager.h in Headers */ = {isa = PBXBuildFile; fileRef = 371F1A5C1D62DEA60061CA40 /* DBMapSelectorManager.h */; settings = {ATTRIBUTES = (Public, ); }; };
		371F1A691D62DEA60061CA40 /* DBMapSelectorManager.m in Sources */ = {isa = PBXBuildFile; fileRef = 371F1A5D1D62DEA60061CA40 /* DBMapSelectorManager.m */; };
		371F1A6A1D62DEA60061CA40 /* DBMapSelectorAnnotation.h in Headers */ = {isa = PBXBuildFile; fileRef = 371F1A5F1D62DEA60061CA40 /* DBMapSelectorAnnotation.h */; };
		371F1A6B1D62DEA60061CA40 /* DBMapSelectorAnnotation.m in Sources */ = {isa = PBXBuildFile; fileRef = 371F1A601D62DEA60061CA40 /* DBMapSelectorAnnotation.m */; };
		371F1A6C1D62DEA60061CA40 /* DBMapSelectorOverlay.h in Headers */ = {isa = PBXBuildFile; fileRef = 371F1A621D62DEA60061CA40 /* DBMapSelectorOverlay.h */; };
		371F1A6D1D62DEA60061CA40 /* DBMapSelectorOverlay.m in Sources */ = {isa = PBXBuildFile; fileRef = 371F1A631D62DEA60061CA40 /* DBMapSelectorOverlay.m */; };
		371F1A6E1D62DEA60061CA40 /* DBMapSelectorOverlayRenderer.h in Headers */ = {isa = PBXBuildFile; fileRef = 371F1A641D62DEA60061CA40 /* DBMapSelectorOverlayRenderer.h */; };
		371F1A6F1D62DEA60061CA40 /* DBMapSelectorOverlayRenderer.m in Sources */ = {isa = PBXBuildFile; fileRef = 371F1A651D62DEA60061CA40 /* DBMapSelectorOverlayRenderer.m */; };
/* End PBXBuildFile section */

/* Begin PBXFileReference section */
		371F1A4F1D62DE770061CA40 /* DBCircularMapRegion.framework */ = {isa = PBXFileReference; explicitFileType = wrapper.framework; includeInIndex = 0; path = DBCircularMapRegion.framework; sourceTree = BUILT_PRODUCTS_DIR; };
		371F1A521D62DE770061CA40 /* DBCircularMapRegion.h */ = {isa = PBXFileReference; lastKnownFileType = sourcecode.c.h; path = DBCircularMapRegion.h; sourceTree = "<group>"; };
		371F1A541D62DE770061CA40 /* Info.plist */ = {isa = PBXFileReference; lastKnownFileType = text.plist.xml; path = Info.plist; sourceTree = "<group>"; };
		371F1A5A1D62DEA60061CA40 /* DBMapSelectorGestureRecognizer.h */ = {isa = PBXFileReference; fileEncoding = 4; lastKnownFileType = sourcecode.c.h; name = DBMapSelectorGestureRecognizer.h; path = Source/DBMapSelectorGestureRecognizer.h; sourceTree = SOURCE_ROOT; };
		371F1A5B1D62DEA60061CA40 /* DBMapSelectorGestureRecognizer.m */ = {isa = PBXFileReference; fileEncoding = 4; lastKnownFileType = sourcecode.c.objc; name = DBMapSelectorGestureRecognizer.m; path = Source/DBMapSelectorGestureRecognizer.m; sourceTree = SOURCE_ROOT; };
		371F1A5C1D62DEA60061CA40 /* DBMapSelectorManager.h */ = {isa = PBXFileReference; fileEncoding = 4; lastKnownFileType = sourcecode.c.h; name = DBMapSelectorManager.h; path = Source/DBMapSelectorManager.h; sourceTree = SOURCE_ROOT; };
		371F1A5D1D62DEA60061CA40 /* DBMapSelectorManager.m */ = {isa = PBXFileReference; fileEncoding = 4; lastKnownFileType = sourcecode.c.objc; name = DBMapSelectorManager.m; path = Source/DBMapSelectorManager.m; sourceTree = SOURCE_ROOT; };
		371F1A5F1D62DEA60061CA40 /* DBMapSelectorAnnotation.h */ = {isa = PBXFileReference; fileEncoding = 4; lastKnownFileType = sourcecode.c.h; path = DBMapSelectorAnnotation.h; sourceTree = "<group>"; };
		371F1A601D62DEA60061CA40 /* DBMapSelectorAnnotation.m */ = {isa = PBXFileReference; fileEncoding = 4; lastKnownFileType = sourcecode.c.objc; path = DBMapSelectorAnnotation.m; sourceTree = "<group>"; };
		371F1A621D62DEA60061CA40 /* DBMapSelectorOverlay.h */ = {isa = PBXFileReference; fileEncoding = 4; lastKnownFileType = sourcecode.c.h; path = DBMapSelectorOverlay.h; sourceTree = "<group>"; };
		371F1A631D62DEA60061CA40 /* DBMapSelectorOverlay.m */ = {isa = PBXFileReference; fileEncoding = 4; lastKnownFileType = sourcecode.c.objc; path = DBMapSelectorOverlay.m; sourceTree = "<group>"; };
		371F1A641D62DEA60061CA40 /* DBMapSelectorOverlayRenderer.h */ = {isa = PBXFileReference; fileEncoding = 4; lastKnownFileType = sourcecode.c.h; path = DBMapSelectorOverlayRenderer.h; sourceTree = "<group>"; };
		371F1A651D62DEA60061CA40 /* DBMapSelectorOverlayRenderer.m */ = {isa = PBXFileReference; fileEncoding = 4; lastKnownFileType = sourcecode.c.objc; path = DBMapSelectorOverlayRenderer.m; sourceTree = "<group>"; };
/* End PBXFileReference section */

/* Begin PBXFrameworksBuildPhase section */
		371F1A4B1D62DE770061CA40 /* Frameworks */ = {
			isa = PBXFrameworksBuildPhase;
			buildActionMask = 2147483647;
			files = (
			);
			runOnlyForDeploymentPostprocessing = 0;
		};
/* End PBXFrameworksBuildPhase section */

/* Begin PBXGroup section */
		371F1A451D62DE770061CA40 = {
			isa = PBXGroup;
			children = (
				371F1A511D62DE770061CA40 /* DBCircularMapRegion */,
				371F1A501D62DE770061CA40 /* Products */,
			);
			sourceTree = "<group>";
		};
		371F1A501D62DE770061CA40 /* Products */ = {
			isa = PBXGroup;
			children = (
				371F1A4F1D62DE770061CA40 /* DBCircularMapRegion.framework */,
			);
			name = Products;
			sourceTree = "<group>";
		};
		371F1A511D62DE770061CA40 /* DBCircularMapRegion */ = {
			isa = PBXGroup;
			children = (
				371F1A5A1D62DEA60061CA40 /* DBMapSelectorGestureRecognizer.h */,
				371F1A5B1D62DEA60061CA40 /* DBMapSelectorGestureRecognizer.m */,
				371F1A5C1D62DEA60061CA40 /* DBMapSelectorManager.h */,
				371F1A5D1D62DEA60061CA40 /* DBMapSelectorManager.m */,
				371F1A5E1D62DEA60061CA40 /* MapSelectorAnnotation */,
				371F1A611D62DEA60061CA40 /* MapSelectorOverlay */,
				371F1A521D62DE770061CA40 /* DBCircularMapRegion.h */,
				371F1A541D62DE770061CA40 /* Info.plist */,
			);
			path = DBCircularMapRegion;
			sourceTree = "<group>";
		};
		371F1A5E1D62DEA60061CA40 /* MapSelectorAnnotation */ = {
			isa = PBXGroup;
			children = (
				371F1A5F1D62DEA60061CA40 /* DBMapSelectorAnnotation.h */,
				371F1A601D62DEA60061CA40 /* DBMapSelectorAnnotation.m */,
			);
			name = MapSelectorAnnotation;
			path = Source/MapSelectorAnnotation;
			sourceTree = SOURCE_ROOT;
		};
		371F1A611D62DEA60061CA40 /* MapSelectorOverlay */ = {
			isa = PBXGroup;
			children = (
				371F1A621D62DEA60061CA40 /* DBMapSelectorOverlay.h */,
				371F1A631D62DEA60061CA40 /* DBMapSelectorOverlay.m */,
				371F1A641D62DEA60061CA40 /* DBMapSelectorOverlayRenderer.h */,
				371F1A651D62DEA60061CA40 /* DBMapSelectorOverlayRenderer.m */,
			);
			name = MapSelectorOverlay;
			path = Source/MapSelectorOverlay;
			sourceTree = SOURCE_ROOT;
		};
/* End PBXGroup section */

/* Begin PBXHeadersBuildPhase section */
		371F1A4C1D62DE770061CA40 /* Headers */ = {
			isa = PBXHeadersBuildPhase;
			buildActionMask = 2147483647;
			files = (
				371F1A661D62DEA60061CA40 /* DBMapSelectorGestureRecognizer.h in Headers */,
				371F1A681D62DEA60061CA40 /* DBMapSelectorManager.h in Headers */,
				371F1A6E1D62DEA60061CA40 /* DBMapSelectorOverlayRenderer.h in Headers */,
				371F1A6C1D62DEA60061CA40 /* DBMapSelectorOverlay.h in Headers */,
				371F1A531D62DE770061CA40 /* DBCircularMapRegion.h in Headers */,
				371F1A6A1D62DEA60061CA40 /* DBMapSelectorAnnotation.h in Headers */,
			);
			runOnlyForDeploymentPostprocessing = 0;
		};
/* End PBXHeadersBuildPhase section */

/* Begin PBXNativeTarget section */
		371F1A4E1D62DE770061CA40 /* DBCircularMapRegion */ = {
			isa = PBXNativeTarget;
			buildConfigurationList = 371F1A571D62DE770061CA40 /* Build configuration list for PBXNativeTarget "DBCircularMapRegion" */;
			buildPhases = (
				371F1A4A1D62DE770061CA40 /* Sources */,
				371F1A4B1D62DE770061CA40 /* Frameworks */,
				371F1A4C1D62DE770061CA40 /* Headers */,
				371F1A4D1D62DE770061CA40 /* Resources */,
			);
			buildRules = (
			);
			dependencies = (
			);
			name = DBCircularMapRegion;
			productName = DBCircularMapRegion;
			productReference = 371F1A4F1D62DE770061CA40 /* DBCircularMapRegion.framework */;
			productType = "com.apple.product-type.framework";
		};
/* End PBXNativeTarget section */

/* Begin PBXProject section */
		371F1A461D62DE770061CA40 /* Project object */ = {
			isa = PBXProject;
			attributes = {
				LastUpgradeCheck = 0730;
				TargetAttributes = {
					371F1A4E1D62DE770061CA40 = {
						CreatedOnToolsVersion = 7.3.1;
						DevelopmentTeam = QL8D9P64GK;
					};
				};
			};
			buildConfigurationList = 371F1A491D62DE770061CA40 /* Build configuration list for PBXProject "DBCircularMapRegion" */;
			compatibilityVersion = "Xcode 3.2";
			developmentRegion = English;
			hasScannedForEncodings = 0;
			knownRegions = (
				en,
			);
			mainGroup = 371F1A451D62DE770061CA40;
			productRefGroup = 371F1A501D62DE770061CA40 /* Products */;
			projectDirPath = "";
			projectRoot = "";
			targets = (
				371F1A4E1D62DE770061CA40 /* DBCircularMapRegion */,
			);
		};
/* End PBXProject section */

/* Begin PBXResourcesBuildPhase section */
		371F1A4D1D62DE770061CA40 /* Resources */ = {
			isa = PBXResourcesBuildPhase;
			buildActionMask = 2147483647;
			files = (
			);
			runOnlyForDeploymentPostprocessing = 0;
		};
/* End PBXResourcesBuildPhase section */

/* Begin PBXSourcesBuildPhase section */
		371F1A4A1D62DE770061CA40 /* Sources */ = {
			isa = PBXSourcesBuildPhase;
			buildActionMask = 2147483647;
			files = (
				371F1A6F1D62DEA60061CA40 /* DBMapSelectorOverlayRenderer.m in Sources */,
				371F1A6D1D62DEA60061CA40 /* DBMapSelectorOverlay.m in Sources */,
				371F1A6B1D62DEA60061CA40 /* DBMapSelectorAnnotation.m in Sources */,
				371F1A671D62DEA60061CA40 /* DBMapSelectorGestureRecognizer.m in Sources */,
				371F1A691D62DEA60061CA40 /* DBMapSelectorManager.m in Sources */,
			);
			runOnlyForDeploymentPostprocessing = 0;
		};
/* End PBXSourcesBuildPhase section */

/* Begin XCBuildConfiguration section */
		371F1A551D62DE770061CA40 /* Debug */ = {
			isa = XCBuildConfiguration;
			buildSettings = {
				ALWAYS_SEARCH_USER_PATHS = NO;
				CLANG_ANALYZER_NONNULL = YES;
				CLANG_CXX_LANGUAGE_STANDARD = "gnu++0x";
				CLANG_CXX_LIBRARY = "libc++";
				CLANG_ENABLE_MODULES = YES;
				CLANG_ENABLE_OBJC_ARC = YES;
				CLANG_WARN_BOOL_CONVERSION = YES;
				CLANG_WARN_CONSTANT_CONVERSION = YES;
				CLANG_WARN_DIRECT_OBJC_ISA_USAGE = YES_ERROR;
				CLANG_WARN_EMPTY_BODY = YES;
				CLANG_WARN_ENUM_CONVERSION = YES;
				CLANG_WARN_INT_CONVERSION = YES;
				CLANG_WARN_OBJC_ROOT_CLASS = YES_ERROR;
				CLANG_WARN_UNREACHABLE_CODE = YES;
				CLANG_WARN__DUPLICATE_METHOD_MATCH = YES;
				"CODE_SIGN_IDENTITY[sdk=iphoneos*]" = "iPhone Developer";
				COPY_PHASE_STRIP = NO;
				CURRENT_PROJECT_VERSION = 1;
				DEBUG_INFORMATION_FORMAT = dwarf;
				ENABLE_STRICT_OBJC_MSGSEND = YES;
				ENABLE_TESTABILITY = YES;
				GCC_C_LANGUAGE_STANDARD = gnu99;
				GCC_DYNAMIC_NO_PIC = NO;
				GCC_NO_COMMON_BLOCKS = YES;
				GCC_OPTIMIZATION_LEVEL = 0;
				GCC_PREPROCESSOR_DEFINITIONS = (
					"DEBUG=1",
					"$(inherited)",
				);
				GCC_WARN_64_TO_32_BIT_CONVERSION = YES;
				GCC_WARN_ABOUT_RETURN_TYPE = YES_ERROR;
				GCC_WARN_UNDECLARED_SELECTOR = YES;
				GCC_WARN_UNINITIALIZED_AUTOS = YES_AGGRESSIVE;
				GCC_WARN_UNUSED_FUNCTION = YES;
				GCC_WARN_UNUSED_VARIABLE = YES;
				IPHONEOS_DEPLOYMENT_TARGET = 9.3;
				MTL_ENABLE_DEBUG_INFO = YES;
				ONLY_ACTIVE_ARCH = YES;
				SDKROOT = iphoneos;
				TARGETED_DEVICE_FAMILY = "1,2";
				VERSIONING_SYSTEM = "apple-generic";
				VERSION_INFO_PREFIX = "";
			};
			name = Debug;
		};
		371F1A561D62DE770061CA40 /* Release */ = {
			isa = XCBuildConfiguration;
			buildSettings = {
				ALWAYS_SEARCH_USER_PATHS = NO;
				CLANG_ANALYZER_NONNULL = YES;
				CLANG_CXX_LANGUAGE_STANDARD = "gnu++0x";
				CLANG_CXX_LIBRARY = "libc++";
				CLANG_ENABLE_MODULES = YES;
				CLANG_ENABLE_OBJC_ARC = YES;
				CLANG_WARN_BOOL_CONVERSION = YES;
				CLANG_WARN_CONSTANT_CONVERSION = YES;
				CLANG_WARN_DIRECT_OBJC_ISA_USAGE = YES_ERROR;
				CLANG_WARN_EMPTY_BODY = YES;
				CLANG_WARN_ENUM_CONVERSION = YES;
				CLANG_WARN_INT_CONVERSION = YES;
				CLANG_WARN_OBJC_ROOT_CLASS = YES_ERROR;
				CLANG_WARN_UNREACHABLE_CODE = YES;
				CLANG_WARN__DUPLICATE_METHOD_MATCH = YES;
				"CODE_SIGN_IDENTITY[sdk=iphoneos*]" = "iPhone Developer";
				COPY_PHASE_STRIP = NO;
				CURRENT_PROJECT_VERSION = 1;
				DEBUG_INFORMATION_FORMAT = "dwarf-with-dsym";
				ENABLE_NS_ASSERTIONS = NO;
				ENABLE_STRICT_OBJC_MSGSEND = YES;
				GCC_C_LANGUAGE_STANDARD = gnu99;
				GCC_NO_COMMON_BLOCKS = YES;
				GCC_WARN_64_TO_32_BIT_CONVERSION = YES;
				GCC_WARN_ABOUT_RETURN_TYPE = YES_ERROR;
				GCC_WARN_UNDECLARED_SELECTOR = YES;
				GCC_WARN_UNINITIALIZED_AUTOS = YES_AGGRESSIVE;
				GCC_WARN_UNUSED_FUNCTION = YES;
				GCC_WARN_UNUSED_VARIABLE = YES;
				IPHONEOS_DEPLOYMENT_TARGET = 9.3;
				MTL_ENABLE_DEBUG_INFO = NO;
				SDKROOT = iphoneos;
				TARGETED_DEVICE_FAMILY = "1,2";
				VALIDATE_PRODUCT = YES;
				VERSIONING_SYSTEM = "apple-generic";
				VERSION_INFO_PREFIX = "";
			};
			name = Release;
		};
		371F1A581D62DE770061CA40 /* Debug */ = {
			isa = XCBuildConfiguration;
			buildSettings = {
				DEFINES_MODULE = YES;
				DYLIB_COMPATIBILITY_VERSION = 1;
				DYLIB_CURRENT_VERSION = 1;
				DYLIB_INSTALL_NAME_BASE = "@rpath";
				INFOPLIST_FILE = DBCircularMapRegion/Info.plist;
				INSTALL_PATH = "$(LOCAL_LIBRARY_DIR)/Frameworks";
				LD_RUNPATH_SEARCH_PATHS = "$(inherited) @executable_path/Frameworks @loader_path/Frameworks";
				PRODUCT_BUNDLE_IDENTIFIER = DB.DBCircularMapRegion;
				PRODUCT_NAME = "$(TARGET_NAME)";
				SKIP_INSTALL = YES;
			};
			name = Debug;
		};
		371F1A591D62DE770061CA40 /* Release */ = {
			isa = XCBuildConfiguration;
			buildSettings = {
				DEFINES_MODULE = YES;
				DYLIB_COMPATIBILITY_VERSION = 1;
				DYLIB_CURRENT_VERSION = 1;
				DYLIB_INSTALL_NAME_BASE = "@rpath";
				INFOPLIST_FILE = DBCircularMapRegion/Info.plist;
				INSTALL_PATH = "$(LOCAL_LIBRARY_DIR)/Frameworks";
				LD_RUNPATH_SEARCH_PATHS = "$(inherited) @executable_path/Frameworks @loader_path/Frameworks";
				PRODUCT_BUNDLE_IDENTIFIER = DB.DBCircularMapRegion;
				PRODUCT_NAME = "$(TARGET_NAME)";
				SKIP_INSTALL = YES;
			};
			name = Release;
		};
/* End XCBuildConfiguration section */

/* Begin XCConfigurationList section */
		371F1A491D62DE770061CA40 /* Build configuration list for PBXProject "DBCircularMapRegion" */ = {
			isa = XCConfigurationList;
			buildConfigurations = (
				371F1A551D62DE770061CA40 /* Debug */,
				371F1A561D62DE770061CA40 /* Release */,
			);
			defaultConfigurationIsVisible = 0;
			defaultConfigurationName = Release;
		};
		371F1A571D62DE770061CA40 /* Build configuration list for PBXNativeTarget "DBCircularMapRegion" */ = {
			isa = XCConfigurationList;
			buildConfigurations = (
				371F1A581D62DE770061CA40 /* Debug */,
				371F1A591D62DE770061CA40 /* Release */,
			);
			defaultConfigurationIsVisible = 0;
			defaultConfigurationName = Release;
		};
/* End XCConfigurationList section */
	};
	rootObject = 371F1A461D62DE770061CA40 /* Project object */;
}
